// !$*UTF8*$!
{
	archiveVersion = 1;
	classes = {
	};
	objectVersion = 46;
	objects = {

/* Begin PBXBuildFile section */
		432771021F36568E00E97648 /* AppDelegate.swift in Sources */ = {isa = PBXBuildFile; fileRef = 432771011F36568E00E97648 /* AppDelegate.swift */; };
		432771041F36568E00E97648 /* ViewController.swift in Sources */ = {isa = PBXBuildFile; fileRef = 432771031F36568E00E97648 /* ViewController.swift */; };
		432771071F36568F00E97648 /* Main.storyboard in Resources */ = {isa = PBXBuildFile; fileRef = 432771051F36568F00E97648 /* Main.storyboard */; };
		432771091F36568F00E97648 /* Assets.xcassets in Resources */ = {isa = PBXBuildFile; fileRef = 432771081F36568F00E97648 /* Assets.xcassets */; };
		4327710C1F36568F00E97648 /* LaunchScreen.storyboard in Resources */ = {isa = PBXBuildFile; fileRef = 4327710A1F36568F00E97648 /* LaunchScreen.storyboard */; };
/* End PBXBuildFile section */

/* Begin PBXFileReference section */
		432770FE1F36568E00E97648 /* rmiotest.app */ = {isa = PBXFileReference; explicitFileType = wrapper.application; includeInIndex = 0; path = rmiotest.app; sourceTree = BUILT_PRODUCTS_DIR; };
		432771011F36568E00E97648 /* AppDelegate.swift */ = {isa = PBXFileReference; lastKnownFileType = sourcecode.swift; path = AppDelegate.swift; sourceTree = "<group>"; };
		432771031F36568E00E97648 /* ViewController.swift */ = {isa = PBXFileReference; lastKnownFileType = sourcecode.swift; path = ViewController.swift; sourceTree = "<group>"; };
		432771061F36568F00E97648 /* Base */ = {isa = PBXFileReference; lastKnownFileType = file.storyboard; name = Base; path = Base.lproj/Main.storyboard; sourceTree = "<group>"; };
		432771081F36568F00E97648 /* Assets.xcassets */ = {isa = PBXFileReference; lastKnownFileType = folder.assetcatalog; path = Assets.xcassets; sourceTree = "<group>"; };
		4327710B1F36568F00E97648 /* Base */ = {isa = PBXFileReference; lastKnownFileType = file.storyboard; name = Base; path = Base.lproj/LaunchScreen.storyboard; sourceTree = "<group>"; };
		4327710D1F36568F00E97648 /* Info.plist */ = {isa = PBXFileReference; lastKnownFileType = text.plist.xml; path = Info.plist; sourceTree = "<group>"; };
/* End PBXFileReference section */

/* Begin PBXFrameworksBuildPhase section */
		432770FB1F36568D00E97648 /* Frameworks */ = {
			isa = PBXFrameworksBuildPhase;
			buildActionMask = 2147483647;
			files = (
			);
			runOnlyForDeploymentPostprocessing = 0;
		};
/* End PBXFrameworksBuildPhase section */

/* Begin PBXGroup section */
		432770F51F36568C00E97648 = {
			isa = PBXGroup;
			children = (
				432771001F36568E00E97648 /* rmiotest */,
				432770FF1F36568E00E97648 /* Products */,
			);
			sourceTree = "<group>";
		};
		432770FF1F36568E00E97648 /* Products */ = {
			isa = PBXGroup;
			children = (
				432770FE1F36568E00E97648 /* rmiotest.app */,
			);
			name = Products;
			sourceTree = "<group>";
		};
		432771001F36568E00E97648 /* rmiotest */ = {
			isa = PBXGroup;
			children = (
				432771011F36568E00E97648 /* AppDelegate.swift */,
				432771031F36568E00E97648 /* ViewController.swift */,
				432771051F36568F00E97648 /* Main.storyboard */,
				432771081F36568F00E97648 /* Assets.xcassets */,
				4327710A1F36568F00E97648 /* LaunchScreen.storyboard */,
				4327710D1F36568F00E97648 /* Info.plist */,
			);
			path = rmiotest;
			sourceTree = "<group>";
		};
/* End PBXGroup section */

/* Begin PBXNativeTarget section */
		432770FD1F36568D00E97648 /* rmiotest */ = {
			isa = PBXNativeTarget;
			buildConfigurationList = 432771101F36568F00E97648 /* Build configuration list for PBXNativeTarget "rmiotest" */;
			buildPhases = (
				432770FA1F36568D00E97648 /* Sources */,
				432770FB1F36568D00E97648 /* Frameworks */,
				432770FC1F36568D00E97648 /* Resources */,
			);
			buildRules = (
			);
			dependencies = (
			);
			name = rmiotest;
			productName = rmiotest;
			productReference = 432770FE1F36568E00E97648 /* rmiotest.app */;
			productType = "com.apple.product-type.application";
		};
/* End PBXNativeTarget section */

/* Begin PBXProject section */
		432770F61F36568C00E97648 /* Project object */ = {
			isa = PBXProject;
			attributes = {
				LastSwiftUpdateCheck = 0810;
				LastUpgradeCheck = 0810;
				ORGANIZATIONNAME = "Annmarie Condit";
				TargetAttributes = {
					432770FD1F36568D00E97648 = {
						CreatedOnToolsVersion = 8.1;
						ProvisioningStyle = Automatic;
					};
				};
			};
			buildConfigurationList = 432770F91F36568C00E97648 /* Build configuration list for PBXProject "rmiotest" */;
			compatibilityVersion = "Xcode 3.2";
			developmentRegion = English;
			hasScannedForEncodings = 0;
			knownRegions = (
				en,
				Base,
			);
			mainGroup = 432770F51F36568C00E97648;
			productRefGroup = 432770FF1F36568E00E97648 /* Products */;
			projectDirPath = "";
			projectRoot = "";
			targets = (
				432770FD1F36568D00E97648 /* rmiotest */,
			);
		};
/* End PBXProject section */

/* Begin PBXResourcesBuildPhase section */
		432770FC1F36568D00E97648 /* Resources */ = {
			isa = PBXResourcesBuildPhase;
			buildActionMask = 2147483647;
			files = (
				4327710C1F36568F00E97648 /* LaunchScreen.storyboard in Resources */,
				432771091F36568F00E97648 /* Assets.xcassets in Resources */,
				432771071F36568F00E97648 /* Main.storyboard in Resources */,
			);
			runOnlyForDeploymentPostprocessing = 0;
		};
/* End PBXResourcesBuildPhase section */

/* Begin PBXSourcesBuildPhase section */
		432770FA1F36568D00E97648 /* Sources */ = {
			isa = PBXSourcesBuildPhase;
			buildActionMask = 2147483647;
			files = (
				432771041F36568E00E97648 /* ViewController.swift in Sources */,
				432771021F36568E00E97648 /* AppDelegate.swift in Sources */,
			);
			runOnlyForDeploymentPostprocessing = 0;
		};
/* End PBXSourcesBuildPhase section */

/* Begin PBXVariantGroup section */
		432771051F36568F00E97648 /* Main.storyboard */ = {
			isa = PBXVariantGroup;
			children = (
				432771061F36568F00E97648 /* Base */,
			);
			name = Main.storyboard;
			sourceTree = "<group>";
		};
		4327710A1F36568F00E97648 /* LaunchScreen.storyboard */ = {
			isa = PBXVariantGroup;
			children = (
				4327710B1F36568F00E97648 /* Base */,
			);
			name = LaunchScreen.storyboard;
			sourceTree = "<group>";
		};
/* End PBXVariantGroup section */

/* Begin XCBuildConfiguration section */
		4327710E1F36568F00E97648 /* Debug */ = {
			isa = XCBuildConfiguration;
			buildSettings = {
				ALWAYS_SEARCH_USER_PATHS = NO;
				CLANG_ANALYZER_NONNULL = YES;
				CLANG_CXX_LANGUAGE_STANDARD = "gnu++0x";
				CLANG_CXX_LIBRARY = "libc++";
				CLANG_ENABLE_MODULES = YES;
				CLANG_ENABLE_OBJC_ARC = YES;
				CLANG_WARN_BOOL_CONVERSION = YES;
				CLANG_WARN_CONSTANT_CONVERSION = YES;
				CLANG_WARN_DIRECT_OBJC_ISA_USAGE = YES_ERROR;
				CLANG_WARN_DOCUMENTATION_COMMENTS = YES;
				CLANG_WARN_EMPTY_BODY = YES;
				CLANG_WARN_ENUM_CONVERSION = YES;
				CLANG_WARN_INFINITE_RECURSION = YES;
				CLANG_WARN_INT_CONVERSION = YES;
				CLANG_WARN_OBJC_ROOT_CLASS = YES_ERROR;
				CLANG_WARN_SUSPICIOUS_MOVES = YES;
				CLANG_WARN_UNREACHABLE_CODE = YES;
				CLANG_WARN__DUPLICATE_METHOD_MATCH = YES;
				"CODE_SIGN_IDENTITY[sdk=iphoneos*]" = "iPhone Developer";
				COPY_PHASE_STRIP = NO;
				DEBUG_INFORMATION_FORMAT = dwarf;
				ENABLE_STRICT_OBJC_MSGSEND = YES;
				ENABLE_TESTABILITY = YES;
				GCC_C_LANGUAGE_STANDARD = gnu99;
				GCC_DYNAMIC_NO_PIC = NO;
				GCC_NO_COMMON_BLOCKS = YES;
				GCC_OPTIMIZATION_LEVEL = 0;
				GCC_PREPROCESSOR_DEFINITIONS = (
					"DEBUG=1",
					"$(inherited)",
				);
				GCC_WARN_64_TO_32_BIT_CONVERSION = YES;
				GCC_WARN_ABOUT_RETURN_TYPE = YES_ERROR;
				GCC_WARN_UNDECLARED_SELECTOR = YES;
				GCC_WARN_UNINITIALIZED_AUTOS = YES_AGGRESSIVE;
				GCC_WARN_UNUSED_FUNCTION = YES;
				GCC_WARN_UNUSED_VARIABLE = YES;
				IPHONEOS_DEPLOYMENT_TARGET = 10.1;
				MTL_ENABLE_DEBUG_INFO = YES;
				ONLY_ACTIVE_ARCH = YES;
				SDKROOT = iphoneos;
				SWIFT_ACTIVE_COMPILATION_CONDITIONS = DEBUG;
				SWIFT_OPTIMIZATION_LEVEL = "-Onone";
			};
			name = Debug;
		};
		4327710F1F36568F00E97648 /* Release */ = {
			isa = XCBuildConfiguration;
			buildSettings = {
				ALWAYS_SEARCH_USER_PATHS = NO;
				CLANG_ANALYZER_NONNULL = YES;
				CLANG_CXX_LANGUAGE_STANDARD = "gnu++0x";
				CLANG_CXX_LIBRARY = "libc++";
				CLANG_ENABLE_MODULES = YES;
				CLANG_ENABLE_OBJC_ARC = YES;
				CLANG_WARN_BOOL_CONVERSION = YES;
				CLANG_WARN_CONSTANT_CONVERSION = YES;
				CLANG_WARN_DIRECT_OBJC_ISA_USAGE = YES_ERROR;
				CLANG_WARN_DOCUMENTATION_COMMENTS = YES;
				CLANG_WARN_EMPTY_BODY = YES;
				CLANG_WARN_ENUM_CONVERSION = YES;
				CLANG_WARN_INFINITE_RECURSION = YES;
				CLANG_WARN_INT_CONVERSION = YES;
				CLANG_WARN_OBJC_ROOT_CLASS = YES_ERROR;
				CLANG_WARN_SUSPICIOUS_MOVES = YES;
				CLANG_WARN_UNREACHABLE_CODE = YES;
				CLANG_WARN__DUPLICATE_METHOD_MATCH = YES;
				"CODE_SIGN_IDENTITY[sdk=iphoneos*]" = "iPhone Developer";
				COPY_PHASE_STRIP = NO;
				DEBUG_INFORMATION_FORMAT = "dwarf-with-dsym";
				ENABLE_NS_ASSERTIONS = NO;
				ENABLE_STRICT_OBJC_MSGSEND = YES;
				GCC_C_LANGUAGE_STANDARD = gnu99;
				GCC_NO_COMMON_BLOCKS = YES;
				GCC_WARN_64_TO_32_BIT_CONVERSION = YES;
				GCC_WARN_ABOUT_RETURN_TYPE = YES_ERROR;
				GCC_WARN_UNDECLARED_SELECTOR = YES;
				GCC_WARN_UNINITIALIZED_AUTOS = YES_AGGRESSIVE;
				GCC_WARN_UNUSED_FUNCTION = YES;
				GCC_WARN_UNUSED_VARIABLE = YES;
				IPHONEOS_DEPLOYMENT_TARGET = 10.1;
				MTL_ENABLE_DEBUG_INFO = NO;
				SDKROOT = iphoneos;
				SWIFT_OPTIMIZATION_LEVEL = "-Owholemodule";
				VALIDATE_PRODUCT = YES;
			};
			name = Release;
		};
		432771111F36568F00E97648 /* Debug */ = {
			isa = XCBuildConfiguration;
			buildSettings = {
				ASSETCATALOG_COMPILER_APPICON_NAME = AppIcon;
				INFOPLIST_FILE = rmiotest/Info.plist;
				LD_RUNPATH_SEARCH_PATHS = "$(inherited) @executable_path/Frameworks";
				PRODUCT_BUNDLE_IDENTIFIER = com.annmariecondit.com.rmiotest;
				PRODUCT_NAME = "$(TARGET_NAME)";
				SWIFT_VERSION = 3.0;
			};
			name = Debug;
		};
		432771121F36568F00E97648 /* Release */ = {
			isa = XCBuildConfiguration;
			buildSettings = {
				ASSETCATALOG_COMPILER_APPICON_NAME = AppIcon;
				INFOPLIST_FILE = rmiotest/Info.plist;
				LD_RUNPATH_SEARCH_PATHS = "$(inherited) @executable_path/Frameworks";
				PRODUCT_BUNDLE_IDENTIFIER = com.annmariecondit.com.rmiotest;
				PRODUCT_NAME = "$(TARGET_NAME)";
				SWIFT_VERSION = 3.0;
			};
			name = Release;
		};
/* End XCBuildConfiguration section */

/* Begin XCConfigurationList section */
		432770F91F36568C00E97648 /* Build configuration list for PBXProject "rmiotest" */ = {
			isa = XCConfigurationList;
			buildConfigurations = (
				4327710E1F36568F00E97648 /* Debug */,
				4327710F1F36568F00E97648 /* Release */,
			);
			defaultConfigurationIsVisible = 0;
			defaultConfigurationName = Release;
		};
		432771101F36568F00E97648 /* Build configuration list for PBXNativeTarget "rmiotest" */ = {
			isa = XCConfigurationList;
			buildConfigurations = (
				432771111F36568F00E97648 /* Debug */,
				432771121F36568F00E97648 /* Release */,
			);
			defaultConfigurationIsVisible = 0;
		};
/* End XCConfigurationList section */
	};
	rootObject = 432770F61F36568C00E97648 /* Project object */;
}
